// !$*UTF8*$!
{
	archiveVersion = 1;
	classes = {
	};
	objectVersion = 51;
	objects = {

/* Begin PBXBuildFile section */
		220683D8337DB357D38ACA2A /* Pods_BeerApp.framework in Frameworks */ = {isa = PBXBuildFile; fileRef = A45A01419C1C0956BE16C427 /* Pods_BeerApp.framework */; };
		3A07205825B8A20C00FDE7E4 /* HomeView.swift in Sources */ = {isa = PBXBuildFile; fileRef = 3A07205725B8A20C00FDE7E4 /* HomeView.swift */; };
		3A6B02CD25B9169C00DA73D7 /* GoogleService-Info.plist in Resources */ = {isa = PBXBuildFile; fileRef = 3A6B02CC25B9169C00DA73D7 /* GoogleService-Info.plist */; };
		3A81234925B898EC00B4ED33 /* BeerAppApp.swift in Sources */ = {isa = PBXBuildFile; fileRef = 3A81234825B898EC00B4ED33 /* BeerAppApp.swift */; };
		3A81234B25B898EC00B4ED33 /* ContentView.swift in Sources */ = {isa = PBXBuildFile; fileRef = 3A81234A25B898EC00B4ED33 /* ContentView.swift */; };
		3A81234D25B898EE00B4ED33 /* Assets.xcassets in Resources */ = {isa = PBXBuildFile; fileRef = 3A81234C25B898EE00B4ED33 /* Assets.xcassets */; };
		3A81235025B898EE00B4ED33 /* Preview Assets.xcassets in Resources */ = {isa = PBXBuildFile; fileRef = 3A81234F25B898EE00B4ED33 /* Preview Assets.xcassets */; };
		3A81235225B898EE00B4ED33 /* Persistence.swift in Sources */ = {isa = PBXBuildFile; fileRef = 3A81235125B898EE00B4ED33 /* Persistence.swift */; };
		3A81235525B898EE00B4ED33 /* BeerApp.xcdatamodeld in Sources */ = {isa = PBXBuildFile; fileRef = 3A81235325B898EE00B4ED33 /* BeerApp.xcdatamodeld */; };
		3A81235E25B8991800B4ED33 /* SignIn.swift in Sources */ = {isa = PBXBuildFile; fileRef = 3A81235D25B8991800B4ED33 /* SignIn.swift */; };
/* End PBXBuildFile section */

/* Begin PBXFileReference section */
		3A07205725B8A20C00FDE7E4 /* HomeView.swift */ = {isa = PBXFileReference; lastKnownFileType = sourcecode.swift; path = HomeView.swift; sourceTree = "<group>"; };
		3A6B02CC25B9169C00DA73D7 /* GoogleService-Info.plist */ = {isa = PBXFileReference; fileEncoding = 4; lastKnownFileType = text.plist.xml; path = "GoogleService-Info.plist"; sourceTree = "<group>"; };
		3A81234525B898EC00B4ED33 /* BeerApp.app */ = {isa = PBXFileReference; explicitFileType = wrapper.application; includeInIndex = 0; path = BeerApp.app; sourceTree = BUILT_PRODUCTS_DIR; };
		3A81234825B898EC00B4ED33 /* BeerAppApp.swift */ = {isa = PBXFileReference; lastKnownFileType = sourcecode.swift; path = BeerAppApp.swift; sourceTree = "<group>"; };
		3A81234A25B898EC00B4ED33 /* ContentView.swift */ = {isa = PBXFileReference; lastKnownFileType = sourcecode.swift; path = ContentView.swift; sourceTree = "<group>"; };
		3A81234C25B898EE00B4ED33 /* Assets.xcassets */ = {isa = PBXFileReference; lastKnownFileType = folder.assetcatalog; path = Assets.xcassets; sourceTree = "<group>"; };
		3A81234F25B898EE00B4ED33 /* Preview Assets.xcassets */ = {isa = PBXFileReference; lastKnownFileType = folder.assetcatalog; path = "Preview Assets.xcassets"; sourceTree = "<group>"; };
		3A81235125B898EE00B4ED33 /* Persistence.swift */ = {isa = PBXFileReference; lastKnownFileType = sourcecode.swift; path = Persistence.swift; sourceTree = "<group>"; };
		3A81235425B898EE00B4ED33 /* BeerApp.xcdatamodel */ = {isa = PBXFileReference; lastKnownFileType = wrapper.xcdatamodel; path = BeerApp.xcdatamodel; sourceTree = "<group>"; };
		3A81235625B898EE00B4ED33 /* Info.plist */ = {isa = PBXFileReference; lastKnownFileType = text.plist.xml; path = Info.plist; sourceTree = "<group>"; };
		3A81235D25B8991800B4ED33 /* SignIn.swift */ = {isa = PBXFileReference; lastKnownFileType = sourcecode.swift; path = SignIn.swift; sourceTree = "<group>"; };
		716D806F949047545BFE0112 /* Pods-BeerApp.release.xcconfig */ = {isa = PBXFileReference; includeInIndex = 1; lastKnownFileType = text.xcconfig; name = "Pods-BeerApp.release.xcconfig"; path = "Target Support Files/Pods-BeerApp/Pods-BeerApp.release.xcconfig"; sourceTree = "<group>"; };
		817419A714DA18B98C0C0773 /* Pods-BeerApp.debug.xcconfig */ = {isa = PBXFileReference; includeInIndex = 1; lastKnownFileType = text.xcconfig; name = "Pods-BeerApp.debug.xcconfig"; path = "Target Support Files/Pods-BeerApp/Pods-BeerApp.debug.xcconfig"; sourceTree = "<group>"; };
		A45A01419C1C0956BE16C427 /* Pods_BeerApp.framework */ = {isa = PBXFileReference; explicitFileType = wrapper.framework; includeInIndex = 0; path = Pods_BeerApp.framework; sourceTree = BUILT_PRODUCTS_DIR; };
/* End PBXFileReference section */

/* Begin PBXFrameworksBuildPhase section */
		3A81234225B898EC00B4ED33 /* Frameworks */ = {
			isa = PBXFrameworksBuildPhase;
			buildActionMask = 2147483647;
			files = (
				220683D8337DB357D38ACA2A /* Pods_BeerApp.framework in Frameworks */,
			);
			runOnlyForDeploymentPostprocessing = 0;
		};
/* End PBXFrameworksBuildPhase section */

/* Begin PBXGroup section */
		3A81233C25B898EC00B4ED33 = {
			isa = PBXGroup;
			children = (
				3A81234725B898EC00B4ED33 /* BeerApp */,
				3A81234625B898EC00B4ED33 /* Products */,
				AE0D5A27017F7B0266820D06 /* Pods */,
				985EC872922F24FBABE34157 /* Frameworks */,
			);
			sourceTree = "<group>";
		};
		3A81234625B898EC00B4ED33 /* Products */ = {
			isa = PBXGroup;
			children = (
				3A81234525B898EC00B4ED33 /* BeerApp.app */,
			);
			name = Products;
			sourceTree = "<group>";
		};
		3A81234725B898EC00B4ED33 /* BeerApp */ = {
			isa = PBXGroup;
			children = (
				3A81234825B898EC00B4ED33 /* BeerAppApp.swift */,
				3A81234A25B898EC00B4ED33 /* ContentView.swift */,
				3A81236325B89B0D00B4ED33 /* Resources */,
				3A81235125B898EE00B4ED33 /* Persistence.swift */,
				3A81235625B898EE00B4ED33 /* Info.plist */,
				3A81235325B898EE00B4ED33 /* BeerApp.xcdatamodeld */,
				3A81234E25B898EE00B4ED33 /* Preview Content */,
				3A81236425B89B1C00B4ED33 /* Views */,
			);
			path = BeerApp;
			sourceTree = "<group>";
		};
		3A81234E25B898EE00B4ED33 /* Preview Content */ = {
			isa = PBXGroup;
			children = (
				3A81234F25B898EE00B4ED33 /* Preview Assets.xcassets */,
			);
			path = "Preview Content";
			sourceTree = "<group>";
		};
		3A81236325B89B0D00B4ED33 /* Resources */ = {
			isa = PBXGroup;
			children = (
				3A6B02CC25B9169C00DA73D7 /* GoogleService-Info.plist */,
				3A81234C25B898EE00B4ED33 /* Assets.xcassets */,
			);
			path = Resources;
			sourceTree = "<group>";
		};
		3A81236425B89B1C00B4ED33 /* Views */ = {
			isa = PBXGroup;
			children = (
				3A81235D25B8991800B4ED33 /* SignIn.swift */,
				3A07205725B8A20C00FDE7E4 /* HomeView.swift */,
			);
			path = Views;
			sourceTree = "<group>";
		};
		985EC872922F24FBABE34157 /* Frameworks */ = {
			isa = PBXGroup;
			children = (
				A45A01419C1C0956BE16C427 /* Pods_BeerApp.framework */,
			);
			name = Frameworks;
			sourceTree = "<group>";
		};
		AE0D5A27017F7B0266820D06 /* Pods */ = {
			isa = PBXGroup;
			children = (
				817419A714DA18B98C0C0773 /* Pods-BeerApp.debug.xcconfig */,
				716D806F949047545BFE0112 /* Pods-BeerApp.release.xcconfig */,
			);
			path = Pods;
			sourceTree = "<group>";
		};
/* End PBXGroup section */

/* Begin PBXNativeTarget section */
		3A81234425B898EC00B4ED33 /* BeerApp */ = {
			isa = PBXNativeTarget;
			buildConfigurationList = 3A81235925B898EE00B4ED33 /* Build configuration list for PBXNativeTarget "BeerApp" */;
			buildPhases = (
				61EFFAA17245D80253B4456A /* [CP] Check Pods Manifest.lock */,
				3A81234125B898EC00B4ED33 /* Sources */,
				3A81234225B898EC00B4ED33 /* Frameworks */,
				3A81234325B898EC00B4ED33 /* Resources */,
				D38E6D1DFEE57651A9153FAB /* [CP] Embed Pods Frameworks */,
			);
			buildRules = (
			);
			dependencies = (
			);
			name = BeerApp;
			productName = BeerApp;
			productReference = 3A81234525B898EC00B4ED33 /* BeerApp.app */;
			productType = "com.apple.product-type.application";
		};
/* End PBXNativeTarget section */

/* Begin PBXProject section */
		3A81233D25B898EC00B4ED33 /* Project object */ = {
			isa = PBXProject;
			attributes = {
				LastSwiftUpdateCheck = 1220;
				LastUpgradeCheck = 1220;
				TargetAttributes = {
					3A81234425B898EC00B4ED33 = {
						CreatedOnToolsVersion = 12.2;
					};
				};
			};
			buildConfigurationList = 3A81234025B898EC00B4ED33 /* Build configuration list for PBXProject "BeerApp" */;
			compatibilityVersion = "Xcode 9.3";
			developmentRegion = en;
			hasScannedForEncodings = 0;
			knownRegions = (
				en,
				Base,
			);
			mainGroup = 3A81233C25B898EC00B4ED33;
			productRefGroup = 3A81234625B898EC00B4ED33 /* Products */;
			projectDirPath = "";
			projectRoot = "";
			targets = (
				3A81234425B898EC00B4ED33 /* BeerApp */,
			);
		};
/* End PBXProject section */

/* Begin PBXResourcesBuildPhase section */
		3A81234325B898EC00B4ED33 /* Resources */ = {
			isa = PBXResourcesBuildPhase;
			buildActionMask = 2147483647;
			files = (
				3A81235025B898EE00B4ED33 /* Preview Assets.xcassets in Resources */,
				3A81234D25B898EE00B4ED33 /* Assets.xcassets in Resources */,
				3A6B02CD25B9169C00DA73D7 /* GoogleService-Info.plist in Resources */,
			);
			runOnlyForDeploymentPostprocessing = 0;
		};
/* End PBXResourcesBuildPhase section */

/* Begin PBXShellScriptBuildPhase section */
		61EFFAA17245D80253B4456A /* [CP] Check Pods Manifest.lock */ = {
			isa = PBXShellScriptBuildPhase;
			buildActionMask = 2147483647;
			files = (
			);
			inputFileListPaths = (
			);
			inputPaths = (
				"${PODS_PODFILE_DIR_PATH}/Podfile.lock",
				"${PODS_ROOT}/Manifest.lock",
			);
			name = "[CP] Check Pods Manifest.lock";
			outputFileListPaths = (
			);
			outputPaths = (
				"$(DERIVED_FILE_DIR)/Pods-BeerApp-checkManifestLockResult.txt",
			);
			runOnlyForDeploymentPostprocessing = 0;
			shellPath = /bin/sh;
			shellScript = "diff \"${PODS_PODFILE_DIR_PATH}/Podfile.lock\" \"${PODS_ROOT}/Manifest.lock\" > /dev/null\nif [ $? != 0 ] ; then\n    # print error to STDERR\n    echo \"error: The sandbox is not in sync with the Podfile.lock. Run 'pod install' or update your CocoaPods installation.\" >&2\n    exit 1\nfi\n# This output is used by Xcode 'outputs' to avoid re-running this script phase.\necho \"SUCCESS\" > \"${SCRIPT_OUTPUT_FILE_0}\"\n";
			showEnvVarsInLog = 0;
		};
		D38E6D1DFEE57651A9153FAB /* [CP] Embed Pods Frameworks */ = {
			isa = PBXShellScriptBuildPhase;
			buildActionMask = 2147483647;
			files = (
			);
			inputFileListPaths = (
				"${PODS_ROOT}/Target Support Files/Pods-BeerApp/Pods-BeerApp-frameworks-${CONFIGURATION}-input-files.xcfilelist",
			);
			name = "[CP] Embed Pods Frameworks";
			outputFileListPaths = (
				"${PODS_ROOT}/Target Support Files/Pods-BeerApp/Pods-BeerApp-frameworks-${CONFIGURATION}-output-files.xcfilelist",
			);
			runOnlyForDeploymentPostprocessing = 0;
			shellPath = /bin/sh;
			shellScript = "\"${PODS_ROOT}/Target Support Files/Pods-BeerApp/Pods-BeerApp-frameworks.sh\"\n";
			showEnvVarsInLog = 0;
		};
/* End PBXShellScriptBuildPhase section */

/* Begin PBXSourcesBuildPhase section */
		3A81234125B898EC00B4ED33 /* Sources */ = {
			isa = PBXSourcesBuildPhase;
			buildActionMask = 2147483647;
			files = (
				3A81235225B898EE00B4ED33 /* Persistence.swift in Sources */,
				3A81234B25B898EC00B4ED33 /* ContentView.swift in Sources */,
				3A81235E25B8991800B4ED33 /* SignIn.swift in Sources */,
				3A07205825B8A20C00FDE7E4 /* HomeView.swift in Sources */,
				3A81234925B898EC00B4ED33 /* BeerAppApp.swift in Sources */,
				3A81235525B898EE00B4ED33 /* BeerApp.xcdatamodeld in Sources */,
			);
			runOnlyForDeploymentPostprocessing = 0;
		};
/* End PBXSourcesBuildPhase section */

/* Begin XCBuildConfiguration section */
		3A81235725B898EE00B4ED33 /* Debug */ = {
			isa = XCBuildConfiguration;
			buildSettings = {
				ALWAYS_SEARCH_USER_PATHS = NO;
				CLANG_ANALYZER_NONNULL = YES;
				CLANG_ANALYZER_NUMBER_OBJECT_CONVERSION = YES_AGGRESSIVE;
				CLANG_CXX_LANGUAGE_STANDARD = "gnu++14";
				CLANG_CXX_LIBRARY = "libc++";
				CLANG_ENABLE_MODULES = YES;
				CLANG_ENABLE_OBJC_ARC = YES;
				CLANG_ENABLE_OBJC_WEAK = YES;
				CLANG_WARN_BLOCK_CAPTURE_AUTORELEASING = YES;
				CLANG_WARN_BOOL_CONVERSION = YES;
				CLANG_WARN_COMMA = YES;
				CLANG_WARN_CONSTANT_CONVERSION = YES;
				CLANG_WARN_DEPRECATED_OBJC_IMPLEMENTATIONS = YES;
				CLANG_WARN_DIRECT_OBJC_ISA_USAGE = YES_ERROR;
				CLANG_WARN_DOCUMENTATION_COMMENTS = YES;
				CLANG_WARN_EMPTY_BODY = YES;
				CLANG_WARN_ENUM_CONVERSION = YES;
				CLANG_WARN_INFINITE_RECURSION = YES;
				CLANG_WARN_INT_CONVERSION = YES;
				CLANG_WARN_NON_LITERAL_NULL_CONVERSION = YES;
				CLANG_WARN_OBJC_IMPLICIT_RETAIN_SELF = YES;
				CLANG_WARN_OBJC_LITERAL_CONVERSION = YES;
				CLANG_WARN_OBJC_ROOT_CLASS = YES_ERROR;
				CLANG_WARN_QUOTED_INCLUDE_IN_FRAMEWORK_HEADER = YES;
				CLANG_WARN_RANGE_LOOP_ANALYSIS = YES;
				CLANG_WARN_STRICT_PROTOTYPES = YES;
				CLANG_WARN_SUSPICIOUS_MOVE = YES;
				CLANG_WARN_UNGUARDED_AVAILABILITY = YES_AGGRESSIVE;
				CLANG_WARN_UNREACHABLE_CODE = YES;
				CLANG_WARN__DUPLICATE_METHOD_MATCH = YES;
				COPY_PHASE_STRIP = NO;
				DEBUG_INFORMATION_FORMAT = dwarf;
				ENABLE_STRICT_OBJC_MSGSEND = YES;
				ENABLE_TESTABILITY = YES;
				GCC_C_LANGUAGE_STANDARD = gnu11;
				GCC_DYNAMIC_NO_PIC = NO;
				GCC_NO_COMMON_BLOCKS = YES;
				GCC_OPTIMIZATION_LEVEL = 0;
				GCC_PREPROCESSOR_DEFINITIONS = (
					"DEBUG=1",
					"$(inherited)",
				);
				GCC_WARN_64_TO_32_BIT_CONVERSION = YES;
				GCC_WARN_ABOUT_RETURN_TYPE = YES_ERROR;
				GCC_WARN_UNDECLARED_SELECTOR = YES;
				GCC_WARN_UNINITIALIZED_AUTOS = YES_AGGRESSIVE;
				GCC_WARN_UNUSED_FUNCTION = YES;
				GCC_WARN_UNUSED_VARIABLE = YES;
				IPHONEOS_DEPLOYMENT_TARGET = 14.2;
				MTL_ENABLE_DEBUG_INFO = INCLUDE_SOURCE;
				MTL_FAST_MATH = YES;
				ONLY_ACTIVE_ARCH = YES;
				SDKROOT = iphoneos;
				SWIFT_ACTIVE_COMPILATION_CONDITIONS = DEBUG;
				SWIFT_OPTIMIZATION_LEVEL = "-Onone";
			};
			name = Debug;
		};
		3A81235825B898EE00B4ED33 /* Release */ = {
			isa = XCBuildConfiguration;
			buildSettings = {
				ALWAYS_SEARCH_USER_PATHS = NO;
				CLANG_ANALYZER_NONNULL = YES;
				CLANG_ANALYZER_NUMBER_OBJECT_CONVERSION = YES_AGGRESSIVE;
				CLANG_CXX_LANGUAGE_STANDARD = "gnu++14";
				CLANG_CXX_LIBRARY = "libc++";
				CLANG_ENABLE_MODULES = YES;
				CLANG_ENABLE_OBJC_ARC = YES;
				CLANG_ENABLE_OBJC_WEAK = YES;
				CLANG_WARN_BLOCK_CAPTURE_AUTORELEASING = YES;
				CLANG_WARN_BOOL_CONVERSION = YES;
				CLANG_WARN_COMMA = YES;
				CLANG_WARN_CONSTANT_CONVERSION = YES;
				CLANG_WARN_DEPRECATED_OBJC_IMPLEMENTATIONS = YES;
				CLANG_WARN_DIRECT_OBJC_ISA_USAGE = YES_ERROR;
				CLANG_WARN_DOCUMENTATION_COMMENTS = YES;
				CLANG_WARN_EMPTY_BODY = YES;
				CLANG_WARN_ENUM_CONVERSION = YES;
				CLANG_WARN_INFINITE_RECURSION = YES;
				CLANG_WARN_INT_CONVERSION = YES;
				CLANG_WARN_NON_LITERAL_NULL_CONVERSION = YES;
				CLANG_WARN_OBJC_IMPLICIT_RETAIN_SELF = YES;
				CLANG_WARN_OBJC_LITERAL_CONVERSION = YES;
				CLANG_WARN_OBJC_ROOT_CLASS = YES_ERROR;
				CLANG_WARN_QUOTED_INCLUDE_IN_FRAMEWORK_HEADER = YES;
				CLANG_WARN_RANGE_LOOP_ANALYSIS = YES;
				CLANG_WARN_STRICT_PROTOTYPES = YES;
				CLANG_WARN_SUSPICIOUS_MOVE = YES;
				CLANG_WARN_UNGUARDED_AVAILABILITY = YES_AGGRESSIVE;
				CLANG_WARN_UNREACHABLE_CODE = YES;
				CLANG_WARN__DUPLICATE_METHOD_MATCH = YES;
				COPY_PHASE_STRIP = NO;
				DEBUG_INFORMATION_FORMAT = "dwarf-with-dsym";
				ENABLE_NS_ASSERTIONS = NO;
				ENABLE_STRICT_OBJC_MSGSEND = YES;
				GCC_C_LANGUAGE_STANDARD = gnu11;
				GCC_NO_COMMON_BLOCKS = YES;
				GCC_WARN_64_TO_32_BIT_CONVERSION = YES;
				GCC_WARN_ABOUT_RETURN_TYPE = YES_ERROR;
				GCC_WARN_UNDECLARED_SELECTOR = YES;
				GCC_WARN_UNINITIALIZED_AUTOS = YES_AGGRESSIVE;
				GCC_WARN_UNUSED_FUNCTION = YES;
				GCC_WARN_UNUSED_VARIABLE = YES;
				IPHONEOS_DEPLOYMENT_TARGET = 14.2;
				MTL_ENABLE_DEBUG_INFO = NO;
				MTL_FAST_MATH = YES;
				SDKROOT = iphoneos;
				SWIFT_COMPILATION_MODE = wholemodule;
				SWIFT_OPTIMIZATION_LEVEL = "-O";
				VALIDATE_PRODUCT = YES;
			};
			name = Release;
		};
		3A81235A25B898EE00B4ED33 /* Debug */ = {
			isa = XCBuildConfiguration;
			baseConfigurationReference = 817419A714DA18B98C0C0773 /* Pods-BeerApp.debug.xcconfig */;
			buildSettings = {
				ASSETCATALOG_COMPILER_APPICON_NAME = AppIcon;
				ASSETCATALOG_COMPILER_GLOBAL_ACCENT_COLOR_NAME = AccentColor;
				CODE_SIGN_STYLE = Automatic;
				DEVELOPMENT_ASSET_PATHS = "\"BeerApp/Preview Content\"";
				ENABLE_PREVIEWS = YES;
				INFOPLIST_FILE = BeerApp/Info.plist;
				IPHONEOS_DEPLOYMENT_TARGET = 14.0;
				LD_RUNPATH_SEARCH_PATHS = (
					"$(inherited)",
					"@executable_path/Frameworks",
				);
				PRODUCT_BUNDLE_IDENTIFIER = com.test.carlos.BeerApp;
				PRODUCT_NAME = "$(TARGET_NAME)";
				SWIFT_VERSION = 5.0;
				TARGETED_DEVICE_FAMILY = "1,2";
			};
			name = Debug;
		};
		3A81235B25B898EE00B4ED33 /* Release */ = {
			isa = XCBuildConfiguration;
			baseConfigurationReference = 716D806F949047545BFE0112 /* Pods-BeerApp.release.xcconfig */;
			buildSettings = {
				ASSETCATALOG_COMPILER_APPICON_NAME = AppIcon;
				ASSETCATALOG_COMPILER_GLOBAL_ACCENT_COLOR_NAME = AccentColor;
				CODE_SIGN_STYLE = Automatic;
				DEVELOPMENT_ASSET_PATHS = "\"BeerApp/Preview Content\"";
				ENABLE_PREVIEWS = YES;
				INFOPLIST_FILE = BeerApp/Info.plist;
				IPHONEOS_DEPLOYMENT_TARGET = 14.0;
				LD_RUNPATH_SEARCH_PATHS = (
					"$(inherited)",
					"@executable_path/Frameworks",
				);
				PRODUCT_BUNDLE_IDENTIFIER = com.test.carlos.BeerApp;
				PRODUCT_NAME = "$(TARGET_NAME)";
				SWIFT_VERSION = 5.0;
				TARGETED_DEVICE_FAMILY = "1,2";
			};
			name = Release;
		};
/* End XCBuildConfiguration section */

/* Begin XCConfigurationList section */
		3A81234025B898EC00B4ED33 /* Build configuration list for PBXProject "BeerApp" */ = {
			isa = XCConfigurationList;
			buildConfigurations = (
				3A81235725B898EE00B4ED33 /* Debug */,
				3A81235825B898EE00B4ED33 /* Release */,
			);
			defaultConfigurationIsVisible = 0;
			defaultConfigurationName = Release;
		};
		3A81235925B898EE00B4ED33 /* Build configuration list for PBXNativeTarget "BeerApp" */ = {
			isa = XCConfigurationList;
			buildConfigurations = (
				3A81235A25B898EE00B4ED33 /* Debug */,
				3A81235B25B898EE00B4ED33 /* Release */,
			);
			defaultConfigurationIsVisible = 0;
			defaultConfigurationName = Release;
		};
/* End XCConfigurationList section */

/* Begin XCVersionGroup section */
		3A81235325B898EE00B4ED33 /* BeerApp.xcdatamodeld */ = {
			isa = XCVersionGroup;
			children = (
				3A81235425B898EE00B4ED33 /* BeerApp.xcdatamodel */,
			);
			currentVersion = 3A81235425B898EE00B4ED33 /* BeerApp.xcdatamodel */;
			path = BeerApp.xcdatamodeld;
			sourceTree = "<group>";
			versionGroupType = wrapper.xcdatamodel;
		};
/* End XCVersionGroup section */
	};
	rootObject = 3A81233D25B898EC00B4ED33 /* Project object */;
}
